
Microsoft Visual Studio Solution File, Format Version 12.00
# Visual Studio Version 17
VisualStudioVersion = 17.0.31912.275
MinimumVisualStudioVersion = 10.0.40219.1
Project("{FAE04EC0-301F-11D3-BF4B-00C04F79EFBC}") = "PrincipiosSolid", "PrincipiosSolid\PrincipiosSolid.csproj", "{0E14E489-F99E-420F-A401-7FA4D7A4B43F}"
EndProject
Global
	GlobalSection(SolutionConfigurationPlatforms) = preSolution
		Debug|Any CPU = Debug|Any CPU
		Release|Any CPU = Release|Any CPU
	EndGlobalSection
	GlobalSection(ProjectConfigurationPlatforms) = postSolution
		{0E14E489-F99E-420F-A401-7FA4D7A4B43F}.Debug|Any CPU.ActiveCfg = Debug|Any CPU
		{0E14E489-F99E-420F-A401-7FA4D7A4B43F}.Debug|Any CPU.Build.0 = Debug|Any CPU
		{0E14E489-F99E-420F-A401-7FA4D7A4B43F}.Release|Any CPU.ActiveCfg = Release|Any CPU
		{0E14E489-F99E-420F-A401-7FA4D7A4B43F}.Release|Any CPU.Build.0 = Release|Any CPU
	EndGlobalSection
	GlobalSection(SolutionProperties) = preSolution
		HideSolutionNode = FALSE
	EndGlobalSection
	GlobalSection(ExtensibilityGlobals) = postSolution
		SolutionGuid = {A2F8F434-FB04-45FA-ACA5-276510E64288}
	EndGlobalSection
EndGlobal
